// !$*UTF8*$!
{
	archiveVersion = 1;
	classes = {
	};
	objectVersion = 56;
	objects = {

/* Begin PBXBuildFile section */
		D22492572B73FD1F00546ADB /* DevoteApp.swift in Sources */ = {isa = PBXBuildFile; fileRef = D22492562B73FD1F00546ADB /* DevoteApp.swift */; };
		D22492592B73FD1F00546ADB /* ContentView.swift in Sources */ = {isa = PBXBuildFile; fileRef = D22492582B73FD1F00546ADB /* ContentView.swift */; };
		D224925B2B73FD2100546ADB /* Assets.xcassets in Resources */ = {isa = PBXBuildFile; fileRef = D224925A2B73FD2100546ADB /* Assets.xcassets */; };
		D224925E2B73FD2100546ADB /* Preview Assets.xcassets in Resources */ = {isa = PBXBuildFile; fileRef = D224925D2B73FD2100546ADB /* Preview Assets.xcassets */; };
		D22492602B73FD2100546ADB /* Persistence.swift in Sources */ = {isa = PBXBuildFile; fileRef = D224925F2B73FD2100546ADB /* Persistence.swift */; };
		D22492632B73FD2100546ADB /* Devote.xcdatamodeld in Sources */ = {isa = PBXBuildFile; fileRef = D22492612B73FD2100546ADB /* Devote.xcdatamodeld */; };
		D224926C2B73FDAA00546ADB /* sound-rise.mp3 in Resources */ = {isa = PBXBuildFile; fileRef = D22492692B73FDAA00546ADB /* sound-rise.mp3 */; };
		D224926D2B73FDAA00546ADB /* sound-ding.mp3 in Resources */ = {isa = PBXBuildFile; fileRef = D224926A2B73FDAA00546ADB /* sound-ding.mp3 */; };
		D224926E2B73FDAA00546ADB /* sound-tap.mp3 in Resources */ = {isa = PBXBuildFile; fileRef = D224926B2B73FDAA00546ADB /* sound-tap.mp3 */; };
		D22492772B740ED600546ADB /* Constants.swift in Sources */ = {isa = PBXBuildFile; fileRef = D22492762B740ED600546ADB /* Constants.swift */; };
/* End PBXBuildFile section */

/* Begin PBXFileReference section */
		D22492532B73FD1F00546ADB /* Devote.app */ = {isa = PBXFileReference; explicitFileType = wrapper.application; includeInIndex = 0; path = Devote.app; sourceTree = BUILT_PRODUCTS_DIR; };
		D22492562B73FD1F00546ADB /* DevoteApp.swift */ = {isa = PBXFileReference; lastKnownFileType = sourcecode.swift; path = DevoteApp.swift; sourceTree = "<group>"; };
		D22492582B73FD1F00546ADB /* ContentView.swift */ = {isa = PBXFileReference; lastKnownFileType = sourcecode.swift; path = ContentView.swift; sourceTree = "<group>"; };
		D224925A2B73FD2100546ADB /* Assets.xcassets */ = {isa = PBXFileReference; lastKnownFileType = folder.assetcatalog; path = Assets.xcassets; sourceTree = "<group>"; };
		D224925D2B73FD2100546ADB /* Preview Assets.xcassets */ = {isa = PBXFileReference; lastKnownFileType = folder.assetcatalog; path = "Preview Assets.xcassets"; sourceTree = "<group>"; };
		D224925F2B73FD2100546ADB /* Persistence.swift */ = {isa = PBXFileReference; lastKnownFileType = sourcecode.swift; path = Persistence.swift; sourceTree = "<group>"; };
		D22492622B73FD2100546ADB /* Devote.xcdatamodel */ = {isa = PBXFileReference; lastKnownFileType = wrapper.xcdatamodel; path = Devote.xcdatamodel; sourceTree = "<group>"; };
		D22492692B73FDAA00546ADB /* sound-rise.mp3 */ = {isa = PBXFileReference; lastKnownFileType = audio.mp3; path = "sound-rise.mp3"; sourceTree = "<group>"; };
		D224926A2B73FDAA00546ADB /* sound-ding.mp3 */ = {isa = PBXFileReference; lastKnownFileType = audio.mp3; path = "sound-ding.mp3"; sourceTree = "<group>"; };
		D224926B2B73FDAA00546ADB /* sound-tap.mp3 */ = {isa = PBXFileReference; lastKnownFileType = audio.mp3; path = "sound-tap.mp3"; sourceTree = "<group>"; };
		D22492752B73FE7800546ADB /* Info.plist */ = {isa = PBXFileReference; lastKnownFileType = text.plist; path = Info.plist; sourceTree = "<group>"; };
		D22492762B740ED600546ADB /* Constants.swift */ = {isa = PBXFileReference; lastKnownFileType = sourcecode.swift; path = Constants.swift; sourceTree = "<group>"; };
/* End PBXFileReference section */

/* Begin PBXFrameworksBuildPhase section */
		D22492502B73FD1F00546ADB /* Frameworks */ = {
			isa = PBXFrameworksBuildPhase;
			buildActionMask = 2147483647;
			files = (
			);
			runOnlyForDeploymentPostprocessing = 0;
		};
/* End PBXFrameworksBuildPhase section */

/* Begin PBXGroup section */
		D224924A2B73FD1F00546ADB = {
			isa = PBXGroup;
			children = (
				D22492552B73FD1F00546ADB /* Devote */,
				D22492542B73FD1F00546ADB /* Products */,
			);
			sourceTree = "<group>";
		};
		D22492542B73FD1F00546ADB /* Products */ = {
			isa = PBXGroup;
			children = (
				D22492532B73FD1F00546ADB /* Devote.app */,
			);
			name = Products;
			sourceTree = "<group>";
		};
		D22492552B73FD1F00546ADB /* Devote */ = {
			isa = PBXGroup;
			children = (
				D22492752B73FE7800546ADB /* Info.plist */,
				D22492732B73FE1900546ADB /* Utilities */,
				D22492722B73FE1200546ADB /* Extensions */,
				D22492702B73FDCC00546ADB /* Sound */,
				D224926F2B73FDBF00546ADB /* App */,
				D224925A2B73FD2100546ADB /* Assets.xcassets */,
				D22492742B73FE4700546ADB /* Model */,
				D224925C2B73FD2100546ADB /* Preview Content */,
			);
			path = Devote;
			sourceTree = "<group>";
		};
		D224925C2B73FD2100546ADB /* Preview Content */ = {
			isa = PBXGroup;
			children = (
				D224925D2B73FD2100546ADB /* Preview Assets.xcassets */,
			);
			path = "Preview Content";
			sourceTree = "<group>";
		};
		D224926F2B73FDBF00546ADB /* App */ = {
			isa = PBXGroup;
			children = (
				D22492562B73FD1F00546ADB /* DevoteApp.swift */,
				D22492712B73FDDD00546ADB /* Views */,
			);
			path = App;
			sourceTree = "<group>";
		};
		D22492702B73FDCC00546ADB /* Sound */ = {
			isa = PBXGroup;
			children = (
				D224926A2B73FDAA00546ADB /* sound-ding.mp3 */,
				D22492692B73FDAA00546ADB /* sound-rise.mp3 */,
				D224926B2B73FDAA00546ADB /* sound-tap.mp3 */,
			);
			path = Sound;
			sourceTree = "<group>";
		};
		D22492712B73FDDD00546ADB /* Views */ = {
			isa = PBXGroup;
			children = (
				D22492582B73FD1F00546ADB /* ContentView.swift */,
			);
			path = Views;
			sourceTree = "<group>";
		};
		D22492722B73FE1200546ADB /* Extensions */ = {
			isa = PBXGroup;
			children = (
			);
			path = Extensions;
			sourceTree = "<group>";
		};
		D22492732B73FE1900546ADB /* Utilities */ = {
			isa = PBXGroup;
			children = (
				D22492762B740ED600546ADB /* Constants.swift */,
			);
			path = Utilities;
			sourceTree = "<group>";
		};
		D22492742B73FE4700546ADB /* Model */ = {
			isa = PBXGroup;
			children = (
				D224925F2B73FD2100546ADB /* Persistence.swift */,
				D22492612B73FD2100546ADB /* Devote.xcdatamodeld */,
			);
			path = Model;
			sourceTree = "<group>";
		};
/* End PBXGroup section */

/* Begin PBXNativeTarget section */
		D22492522B73FD1F00546ADB /* Devote */ = {
			isa = PBXNativeTarget;
			buildConfigurationList = D22492662B73FD2100546ADB /* Build configuration list for PBXNativeTarget "Devote" */;
			buildPhases = (
				D224924F2B73FD1F00546ADB /* Sources */,
				D22492502B73FD1F00546ADB /* Frameworks */,
				D22492512B73FD1F00546ADB /* Resources */,
			);
			buildRules = (
			);
			dependencies = (
			);
			name = Devote;
			productName = Devote;
			productReference = D22492532B73FD1F00546ADB /* Devote.app */;
			productType = "com.apple.product-type.application";
		};
/* End PBXNativeTarget section */

/* Begin PBXProject section */
		D224924B2B73FD1F00546ADB /* Project object */ = {
			isa = PBXProject;
			attributes = {
				BuildIndependentTargetsInParallel = 1;
				LastSwiftUpdateCheck = 1520;
				LastUpgradeCheck = 1520;
				TargetAttributes = {
					D22492522B73FD1F00546ADB = {
						CreatedOnToolsVersion = 15.2;
					};
				};
			};
			buildConfigurationList = D224924E2B73FD1F00546ADB /* Build configuration list for PBXProject "Devote" */;
			compatibilityVersion = "Xcode 14.0";
			developmentRegion = en;
			hasScannedForEncodings = 0;
			knownRegions = (
				en,
				Base,
			);
			mainGroup = D224924A2B73FD1F00546ADB;
			productRefGroup = D22492542B73FD1F00546ADB /* Products */;
			projectDirPath = "";
			projectRoot = "";
			targets = (
				D22492522B73FD1F00546ADB /* Devote */,
			);
		};
/* End PBXProject section */

/* Begin PBXResourcesBuildPhase section */
		D22492512B73FD1F00546ADB /* Resources */ = {
			isa = PBXResourcesBuildPhase;
			buildActionMask = 2147483647;
			files = (
				D224926D2B73FDAA00546ADB /* sound-ding.mp3 in Resources */,
				D224926C2B73FDAA00546ADB /* sound-rise.mp3 in Resources */,
				D224925E2B73FD2100546ADB /* Preview Assets.xcassets in Resources */,
				D224926E2B73FDAA00546ADB /* sound-tap.mp3 in Resources */,
				D224925B2B73FD2100546ADB /* Assets.xcassets in Resources */,
			);
			runOnlyForDeploymentPostprocessing = 0;
		};
/* End PBXResourcesBuildPhase section */

/* Begin PBXSourcesBuildPhase section */
		D224924F2B73FD1F00546ADB /* Sources */ = {
			isa = PBXSourcesBuildPhase;
			buildActionMask = 2147483647;
			files = (
				D22492772B740ED600546ADB /* Constants.swift in Sources */,
				D22492602B73FD2100546ADB /* Persistence.swift in Sources */,
				D22492592B73FD1F00546ADB /* ContentView.swift in Sources */,
				D22492632B73FD2100546ADB /* Devote.xcdatamodeld in Sources */,
				D22492572B73FD1F00546ADB /* DevoteApp.swift in Sources */,
			);
			runOnlyForDeploymentPostprocessing = 0;
		};
/* End PBXSourcesBuildPhase section */

/* Begin XCBuildConfiguration section */
		D22492642B73FD2100546ADB /* Debug */ = {
			isa = XCBuildConfiguration;
			buildSettings = {
				ALWAYS_SEARCH_USER_PATHS = NO;
				ASSETCATALOG_COMPILER_GENERATE_SWIFT_ASSET_SYMBOL_EXTENSIONS = YES;
				CLANG_ANALYZER_NONNULL = YES;
				CLANG_ANALYZER_NUMBER_OBJECT_CONVERSION = YES_AGGRESSIVE;
				CLANG_CXX_LANGUAGE_STANDARD = "gnu++20";
				CLANG_ENABLE_MODULES = YES;
				CLANG_ENABLE_OBJC_ARC = YES;
				CLANG_ENABLE_OBJC_WEAK = YES;
				CLANG_WARN_BLOCK_CAPTURE_AUTORELEASING = YES;
				CLANG_WARN_BOOL_CONVERSION = YES;
				CLANG_WARN_COMMA = YES;
				CLANG_WARN_CONSTANT_CONVERSION = YES;
				CLANG_WARN_DEPRECATED_OBJC_IMPLEMENTATIONS = YES;
				CLANG_WARN_DIRECT_OBJC_ISA_USAGE = YES_ERROR;
				CLANG_WARN_DOCUMENTATION_COMMENTS = YES;
				CLANG_WARN_EMPTY_BODY = YES;
				CLANG_WARN_ENUM_CONVERSION = YES;
				CLANG_WARN_INFINITE_RECURSION = YES;
				CLANG_WARN_INT_CONVERSION = YES;
				CLANG_WARN_NON_LITERAL_NULL_CONVERSION = YES;
				CLANG_WARN_OBJC_IMPLICIT_RETAIN_SELF = YES;
				CLANG_WARN_OBJC_LITERAL_CONVERSION = YES;
				CLANG_WARN_OBJC_ROOT_CLASS = YES_ERROR;
				CLANG_WARN_QUOTED_INCLUDE_IN_FRAMEWORK_HEADER = YES;
				CLANG_WARN_RANGE_LOOP_ANALYSIS = YES;
				CLANG_WARN_STRICT_PROTOTYPES = YES;
				CLANG_WARN_SUSPICIOUS_MOVE = YES;
				CLANG_WARN_UNGUARDED_AVAILABILITY = YES_AGGRESSIVE;
				CLANG_WARN_UNREACHABLE_CODE = YES;
				CLANG_WARN__DUPLICATE_METHOD_MATCH = YES;
				COPY_PHASE_STRIP = NO;
				DEBUG_INFORMATION_FORMAT = dwarf;
				ENABLE_STRICT_OBJC_MSGSEND = YES;
				ENABLE_TESTABILITY = YES;
				ENABLE_USER_SCRIPT_SANDBOXING = YES;
				GCC_C_LANGUAGE_STANDARD = gnu17;
				GCC_DYNAMIC_NO_PIC = NO;
				GCC_NO_COMMON_BLOCKS = YES;
				GCC_OPTIMIZATION_LEVEL = 0;
				GCC_PREPROCESSOR_DEFINITIONS = (
					"DEBUG=1",
					"$(inherited)",
				);
				GCC_WARN_64_TO_32_BIT_CONVERSION = YES;
				GCC_WARN_ABOUT_RETURN_TYPE = YES_ERROR;
				GCC_WARN_UNDECLARED_SELECTOR = YES;
				GCC_WARN_UNINITIALIZED_AUTOS = YES_AGGRESSIVE;
				GCC_WARN_UNUSED_FUNCTION = YES;
				GCC_WARN_UNUSED_VARIABLE = YES;
				IPHONEOS_DEPLOYMENT_TARGET = 17.2;
				LOCALIZATION_PREFERS_STRING_CATALOGS = YES;
				MTL_ENABLE_DEBUG_INFO = INCLUDE_SOURCE;
				MTL_FAST_MATH = YES;
				ONLY_ACTIVE_ARCH = YES;
				SDKROOT = iphoneos;
				SWIFT_ACTIVE_COMPILATION_CONDITIONS = "DEBUG $(inherited)";
				SWIFT_OPTIMIZATION_LEVEL = "-Onone";
			};
			name = Debug;
		};
		D22492652B73FD2100546ADB /* Release */ = {
			isa = XCBuildConfiguration;
			buildSettings = {
				ALWAYS_SEARCH_USER_PATHS = NO;
				ASSETCATALOG_COMPILER_GENERATE_SWIFT_ASSET_SYMBOL_EXTENSIONS = YES;
				CLANG_ANALYZER_NONNULL = YES;
				CLANG_ANALYZER_NUMBER_OBJECT_CONVERSION = YES_AGGRESSIVE;
				CLANG_CXX_LANGUAGE_STANDARD = "gnu++20";
				CLANG_ENABLE_MODULES = YES;
				CLANG_ENABLE_OBJC_ARC = YES;
				CLANG_ENABLE_OBJC_WEAK = YES;
				CLANG_WARN_BLOCK_CAPTURE_AUTORELEASING = YES;
				CLANG_WARN_BOOL_CONVERSION = YES;
				CLANG_WARN_COMMA = YES;
				CLANG_WARN_CONSTANT_CONVERSION = YES;
				CLANG_WARN_DEPRECATED_OBJC_IMPLEMENTATIONS = YES;
				CLANG_WARN_DIRECT_OBJC_ISA_USAGE = YES_ERROR;
				CLANG_WARN_DOCUMENTATION_COMMENTS = YES;
				CLANG_WARN_EMPTY_BODY = YES;
				CLANG_WARN_ENUM_CONVERSION = YES;
				CLANG_WARN_INFINITE_RECURSION = YES;
				CLANG_WARN_INT_CONVERSION = YES;
				CLANG_WARN_NON_LITERAL_NULL_CONVERSION = YES;
				CLANG_WARN_OBJC_IMPLICIT_RETAIN_SELF = YES;
				CLANG_WARN_OBJC_LITERAL_CONVERSION = YES;
				CLANG_WARN_OBJC_ROOT_CLASS = YES_ERROR;
				CLANG_WARN_QUOTED_INCLUDE_IN_FRAMEWORK_HEADER = YES;
				CLANG_WARN_RANGE_LOOP_ANALYSIS = YES;
				CLANG_WARN_STRICT_PROTOTYPES = YES;
				CLANG_WARN_SUSPICIOUS_MOVE = YES;
				CLANG_WARN_UNGUARDED_AVAILABILITY = YES_AGGRESSIVE;
				CLANG_WARN_UNREACHABLE_CODE = YES;
				CLANG_WARN__DUPLICATE_METHOD_MATCH = YES;
				COPY_PHASE_STRIP = NO;
				DEBUG_INFORMATION_FORMAT = "dwarf-with-dsym";
				ENABLE_NS_ASSERTIONS = NO;
				ENABLE_STRICT_OBJC_MSGSEND = YES;
				ENABLE_USER_SCRIPT_SANDBOXING = YES;
				GCC_C_LANGUAGE_STANDARD = gnu17;
				GCC_NO_COMMON_BLOCKS = YES;
				GCC_WARN_64_TO_32_BIT_CONVERSION = YES;
				GCC_WARN_ABOUT_RETURN_TYPE = YES_ERROR;
				GCC_WARN_UNDECLARED_SELECTOR = YES;
				GCC_WARN_UNINITIALIZED_AUTOS = YES_AGGRESSIVE;
				GCC_WARN_UNUSED_FUNCTION = YES;
				GCC_WARN_UNUSED_VARIABLE = YES;
				IPHONEOS_DEPLOYMENT_TARGET = 17.2;
				LOCALIZATION_PREFERS_STRING_CATALOGS = YES;
				MTL_ENABLE_DEBUG_INFO = NO;
				MTL_FAST_MATH = YES;
				SDKROOT = iphoneos;
				SWIFT_COMPILATION_MODE = wholemodule;
				VALIDATE_PRODUCT = YES;
			};
			name = Release;
		};
		D22492672B73FD2100546ADB /* Debug */ = {
			isa = XCBuildConfiguration;
			buildSettings = {
				ASSETCATALOG_COMPILER_APPICON_NAME = AppIcon;
				ASSETCATALOG_COMPILER_GLOBAL_ACCENT_COLOR_NAME = AccentColor;
				CODE_SIGN_STYLE = Automatic;
				CURRENT_PROJECT_VERSION = 1;
				DEVELOPMENT_ASSET_PATHS = "\"Devote/Preview Content\"";
				DEVELOPMENT_TEAM = K6M8KNJT3U;
				ENABLE_PREVIEWS = YES;
				GENERATE_INFOPLIST_FILE = YES;
				INFOPLIST_FILE = Devote/Info.plist;
				INFOPLIST_KEY_UIApplicationSceneManifest_Generation = YES;
				INFOPLIST_KEY_UIApplicationSupportsIndirectInputEvents = YES;
				INFOPLIST_KEY_UISupportedInterfaceOrientations = UIInterfaceOrientationPortrait;
				INFOPLIST_KEY_UISupportedInterfaceOrientations_iPad = "UIInterfaceOrientationPortrait UIInterfaceOrientationPortraitUpsideDown";
				LD_RUNPATH_SEARCH_PATHS = (
					"$(inherited)",
					"@executable_path/Frameworks",
				);
				MARKETING_VERSION = 1.0;
				PRODUCT_BUNDLE_IDENTIFIER = com.SevenSoftware.Devote;
				PRODUCT_NAME = "$(TARGET_NAME)";
				SWIFT_EMIT_LOC_STRINGS = YES;
				SWIFT_VERSION = 5.0;
				TARGETED_DEVICE_FAMILY = "1,2";
			};
			name = Debug;
		};
		D22492682B73FD2100546ADB /* Release */ = {
			isa = XCBuildConfiguration;
			buildSettings = {
				ASSETCATALOG_COMPILER_APPICON_NAME = AppIcon;
				ASSETCATALOG_COMPILER_GLOBAL_ACCENT_COLOR_NAME = AccentColor;
				CODE_SIGN_STYLE = Automatic;
				CURRENT_PROJECT_VERSION = 1;
				DEVELOPMENT_ASSET_PATHS = "\"Devote/Preview Content\"";
				DEVELOPMENT_TEAM = K6M8KNJT3U;
				ENABLE_PREVIEWS = YES;
				GENERATE_INFOPLIST_FILE = YES;
				INFOPLIST_FILE = Devote/Info.plist;
				INFOPLIST_KEY_UIApplicationSceneManifest_Generation = YES;
				INFOPLIST_KEY_UIApplicationSupportsIndirectInputEvents = YES;
				INFOPLIST_KEY_UISupportedInterfaceOrientations = UIInterfaceOrientationPortrait;
				INFOPLIST_KEY_UISupportedInterfaceOrientations_iPad = "UIInterfaceOrientationPortrait UIInterfaceOrientationPortraitUpsideDown";
				LD_RUNPATH_SEARCH_PATHS = (
					"$(inherited)",
					"@executable_path/Frameworks",
				);
				MARKETING_VERSION = 1.0;
				PRODUCT_BUNDLE_IDENTIFIER = com.SevenSoftware.Devote;
				PRODUCT_NAME = "$(TARGET_NAME)";
				SWIFT_EMIT_LOC_STRINGS = YES;
				SWIFT_VERSION = 5.0;
				TARGETED_DEVICE_FAMILY = "1,2";
			};
			name = Release;
		};
/* End XCBuildConfiguration section */

/* Begin XCConfigurationList section */
		D224924E2B73FD1F00546ADB /* Build configuration list for PBXProject "Devote" */ = {
			isa = XCConfigurationList;
			buildConfigurations = (
				D22492642B73FD2100546ADB /* Debug */,
				D22492652B73FD2100546ADB /* Release */,
			);
			defaultConfigurationIsVisible = 0;
			defaultConfigurationName = Release;
		};
		D22492662B73FD2100546ADB /* Build configuration list for PBXNativeTarget "Devote" */ = {
			isa = XCConfigurationList;
			buildConfigurations = (
				D22492672B73FD2100546ADB /* Debug */,
				D22492682B73FD2100546ADB /* Release */,
			);
			defaultConfigurationIsVisible = 0;
			defaultConfigurationName = Release;
		};
/* End XCConfigurationList section */

/* Begin XCVersionGroup section */
		D22492612B73FD2100546ADB /* Devote.xcdatamodeld */ = {
			isa = XCVersionGroup;
			children = (
				D22492622B73FD2100546ADB /* Devote.xcdatamodel */,
			);
			currentVersion = D22492622B73FD2100546ADB /* Devote.xcdatamodel */;
			path = Devote.xcdatamodeld;
			sourceTree = "<group>";
			versionGroupType = wrapper.xcdatamodel;
		};
/* End XCVersionGroup section */
	};
	rootObject = D224924B2B73FD1F00546ADB /* Project object */;
}
